
Microsoft Visual Studio Solution File, Format Version 12.00
# Visual Studio Version 17
VisualStudioVersion = 17.7.34024.191
MinimumVisualStudioVersion = 10.0.40219.1
Project("{FAE04EC0-301F-11D3-BF4B-00C04F79EFBC}") = "ID.Library", "ID.Library\ID.Library.csproj", "{9A46B8F9-521A-40AE-B41F-3096081BD2FE}"
EndProject
Project("{FAE04EC0-301F-11D3-BF4B-00C04F79EFBC}") = "ID.ConsoleApp", "ID.ConsoleApp\ID.ConsoleApp.csproj", "{7567B407-9526-445A-B165-7F66DC55C94E}"
EndProject
Global
	GlobalSection(SolutionConfigurationPlatforms) = preSolution
		Debug|Any CPU = Debug|Any CPU
		Release|Any CPU = Release|Any CPU
	EndGlobalSection
	GlobalSection(ProjectConfigurationPlatforms) = postSolution
		{9A46B8F9-521A-40AE-B41F-3096081BD2FE}.Debug|Any CPU.ActiveCfg = Debug|Any CPU
		{9A46B8F9-521A-40AE-B41F-3096081BD2FE}.Debug|Any CPU.Build.0 = Debug|Any CPU
		{9A46B8F9-521A-40AE-B41F-3096081BD2FE}.Release|Any CPU.ActiveCfg = Release|Any CPU
		{9A46B8F9-521A-40AE-B41F-3096081BD2FE}.Release|Any CPU.Build.0 = Release|Any CPU
		{7567B407-9526-445A-B165-7F66DC55C94E}.Debug|Any CPU.ActiveCfg = Debug|Any CPU
		{7567B407-9526-445A-B165-7F66DC55C94E}.Debug|Any CPU.Build.0 = Debug|Any CPU
		{7567B407-9526-445A-B165-7F66DC55C94E}.Release|Any CPU.ActiveCfg = Release|Any CPU
		{7567B407-9526-445A-B165-7F66DC55C94E}.Release|Any CPU.Build.0 = Release|Any CPU
	EndGlobalSection
	GlobalSection(SolutionProperties) = preSolution
		HideSolutionNode = FALSE
	EndGlobalSection
	GlobalSection(ExtensibilityGlobals) = postSolution
		SolutionGuid = {C300B247-4B38-47BA-8F71-C8EDFCD75953}
	EndGlobalSection
EndGlobal
