
Microsoft Visual Studio Solution File, Format Version 12.00
# Visual Studio Version 17
VisualStudioVersion = 17.7.34024.191
MinimumVisualStudioVersion = 10.0.40219.1
Project("{FAE04EC0-301F-11D3-BF4B-00C04F79EFBC}") = "Entities", "Entities\Entities.csproj", "{52BF95AC-7D3E-41C2-9A6D-48D7E5279A46}"
EndProject
Project("{FAE04EC0-301F-11D3-BF4B-00C04F79EFBC}") = "Repositories", "Repositories\Repositories.csproj", "{98351F43-E710-4D3D-9248-B311AA339CAF}"
EndProject
Project("{FAE04EC0-301F-11D3-BF4B-00C04F79EFBC}") = "UseCases", "UseCases\UseCases.csproj", "{465F7100-1162-4DF7-9DAC-9F59B92EDBD1}"
EndProject
Project("{FAE04EC0-301F-11D3-BF4B-00C04F79EFBC}") = "ConsoleApp", "ConsoleApp\ConsoleApp.csproj", "{C5D2C1E0-40C8-4B0F-9B27-F8C53CACDB04}"
EndProject
Project("{FAE04EC0-301F-11D3-BF4B-00C04F79EFBC}") = "MemoryDataSource", "MemoryDataSource\MemoryDataSource.csproj", "{53680CB0-48F4-431D-92E7-C389A21CCC16}"
EndProject
Global
	GlobalSection(SolutionConfigurationPlatforms) = preSolution
		Debug|Any CPU = Debug|Any CPU
		Release|Any CPU = Release|Any CPU
	EndGlobalSection
	GlobalSection(ProjectConfigurationPlatforms) = postSolution
		{52BF95AC-7D3E-41C2-9A6D-48D7E5279A46}.Debug|Any CPU.ActiveCfg = Debug|Any CPU
		{52BF95AC-7D3E-41C2-9A6D-48D7E5279A46}.Debug|Any CPU.Build.0 = Debug|Any CPU
		{52BF95AC-7D3E-41C2-9A6D-48D7E5279A46}.Release|Any CPU.ActiveCfg = Release|Any CPU
		{52BF95AC-7D3E-41C2-9A6D-48D7E5279A46}.Release|Any CPU.Build.0 = Release|Any CPU
		{98351F43-E710-4D3D-9248-B311AA339CAF}.Debug|Any CPU.ActiveCfg = Debug|Any CPU
		{98351F43-E710-4D3D-9248-B311AA339CAF}.Debug|Any CPU.Build.0 = Debug|Any CPU
		{98351F43-E710-4D3D-9248-B311AA339CAF}.Release|Any CPU.ActiveCfg = Release|Any CPU
		{98351F43-E710-4D3D-9248-B311AA339CAF}.Release|Any CPU.Build.0 = Release|Any CPU
		{465F7100-1162-4DF7-9DAC-9F59B92EDBD1}.Debug|Any CPU.ActiveCfg = Debug|Any CPU
		{465F7100-1162-4DF7-9DAC-9F59B92EDBD1}.Debug|Any CPU.Build.0 = Debug|Any CPU
		{465F7100-1162-4DF7-9DAC-9F59B92EDBD1}.Release|Any CPU.ActiveCfg = Release|Any CPU
		{465F7100-1162-4DF7-9DAC-9F59B92EDBD1}.Release|Any CPU.Build.0 = Release|Any CPU
		{C5D2C1E0-40C8-4B0F-9B27-F8C53CACDB04}.Debug|Any CPU.ActiveCfg = Debug|Any CPU
		{C5D2C1E0-40C8-4B0F-9B27-F8C53CACDB04}.Debug|Any CPU.Build.0 = Debug|Any CPU
		{C5D2C1E0-40C8-4B0F-9B27-F8C53CACDB04}.Release|Any CPU.ActiveCfg = Release|Any CPU
		{C5D2C1E0-40C8-4B0F-9B27-F8C53CACDB04}.Release|Any CPU.Build.0 = Release|Any CPU
		{53680CB0-48F4-431D-92E7-C389A21CCC16}.Debug|Any CPU.ActiveCfg = Debug|Any CPU
		{53680CB0-48F4-431D-92E7-C389A21CCC16}.Debug|Any CPU.Build.0 = Debug|Any CPU
		{53680CB0-48F4-431D-92E7-C389A21CCC16}.Release|Any CPU.ActiveCfg = Release|Any CPU
		{53680CB0-48F4-431D-92E7-C389A21CCC16}.Release|Any CPU.Build.0 = Release|Any CPU
	EndGlobalSection
	GlobalSection(SolutionProperties) = preSolution
		HideSolutionNode = FALSE
	EndGlobalSection
	GlobalSection(ExtensibilityGlobals) = postSolution
		SolutionGuid = {8A0A5522-AC89-4C2E-B46E-E145C64FDD76}
	EndGlobalSection
EndGlobal
