
Microsoft Visual Studio Solution File, Format Version 12.00
# Visual Studio Version 17
VisualStudioVersion = 17.7.34024.191
MinimumVisualStudioVersion = 10.0.40219.1
Project("{FAE04EC0-301F-11D3-BF4B-00C04F79EFBC}") = "Library", "Library\Library.csproj", "{6BADA41E-E238-44FE-BE46-BCB57D21B1E6}"
EndProject
Project("{FAE04EC0-301F-11D3-BF4B-00C04F79EFBC}") = "ConsoleApp", "ConsoleApp\ConsoleApp.csproj", "{4D3A41A4-EB9A-4E72-B7C4-FA0B1B714881}"
EndProject
Global
	GlobalSection(SolutionConfigurationPlatforms) = preSolution
		Debug|Any CPU = Debug|Any CPU
		Release|Any CPU = Release|Any CPU
	EndGlobalSection
	GlobalSection(ProjectConfigurationPlatforms) = postSolution
		{6BADA41E-E238-44FE-BE46-BCB57D21B1E6}.Debug|Any CPU.ActiveCfg = Debug|Any CPU
		{6BADA41E-E238-44FE-BE46-BCB57D21B1E6}.Debug|Any CPU.Build.0 = Debug|Any CPU
		{6BADA41E-E238-44FE-BE46-BCB57D21B1E6}.Release|Any CPU.ActiveCfg = Release|Any CPU
		{6BADA41E-E238-44FE-BE46-BCB57D21B1E6}.Release|Any CPU.Build.0 = Release|Any CPU
		{4D3A41A4-EB9A-4E72-B7C4-FA0B1B714881}.Debug|Any CPU.ActiveCfg = Debug|Any CPU
		{4D3A41A4-EB9A-4E72-B7C4-FA0B1B714881}.Debug|Any CPU.Build.0 = Debug|Any CPU
		{4D3A41A4-EB9A-4E72-B7C4-FA0B1B714881}.Release|Any CPU.ActiveCfg = Release|Any CPU
		{4D3A41A4-EB9A-4E72-B7C4-FA0B1B714881}.Release|Any CPU.Build.0 = Release|Any CPU
	EndGlobalSection
	GlobalSection(SolutionProperties) = preSolution
		HideSolutionNode = FALSE
	EndGlobalSection
	GlobalSection(ExtensibilityGlobals) = postSolution
		SolutionGuid = {20DC1A03-CB77-44DC-B8DC-2153CC3E6832}
	EndGlobalSection
EndGlobal
